
Microsoft Visual Studio Solution File, Format Version 12.00
# Visual Studio Version 16
VisualStudioVersion = 16.0.30104.148
MinimumVisualStudioVersion = 10.0.40219.1
Project("{9A19103F-16F7-4668-BE54-9A1E7A4F7556}") = "eTransport.WebAPI", "eTransport.WebAPI\eTransport.WebAPI.csproj", "{AF76106B-4F70-45CF-9BF3-795CE8A4F48E}"
EndProject
Project("{9A19103F-16F7-4668-BE54-9A1E7A4F7556}") = "eTransport.Model", "eTransport.Model\eTransport.Model.csproj", "{AF0696E1-30FC-4B4A-A912-9D413C946F06}"
EndProject
Project("{2150E333-8FDC-42A3-9474-1A3956D46DE8}") = "UI", "UI", "{686E1126-5A9A-4E2B-B99D-A5EACD6E6067}"
EndProject
Project("{FAE04EC0-301F-11D3-BF4B-00C04F79EFBC}") = "eTransport.WinUI", "eTransport.WinUI\eTransport.WinUI.csproj", "{5625DCE0-6DBE-43EE-8EA8-DA4288DE0539}"
EndProject
Project("{2150E333-8FDC-42A3-9474-1A3956D46DE8}") = "Mobile", "Mobile", "{98DC20E4-9993-475F-8F62-23F1BB5B0FC1}"
EndProject
Project("{FAE04EC0-301F-11D3-BF4B-00C04F79EFBC}") = "eTransport.Mobile.UWP", "eTransport.Mobile\eTransport.Mobile.UWP\eTransport.Mobile.UWP.csproj", "{E281BF16-4AB0-4E10-83AE-A9A5D96C8A73}"
EndProject
Project("{FAE04EC0-301F-11D3-BF4B-00C04F79EFBC}") = "eTransport.Mobile.Android", "eTransport.Mobile\eTransport.Mobile.Android\eTransport.Mobile.Android.csproj", "{FF97E731-4F0E-4C12-AEB4-2232B27B8024}"
EndProject
Project("{FAE04EC0-301F-11D3-BF4B-00C04F79EFBC}") = "eTransport.Mobile.iOS", "eTransport.Mobile\eTransport.Mobile.iOS\eTransport.Mobile.iOS.csproj", "{70282BFA-2C95-49B6-B172-13F18F187BD5}"
EndProject
Project("{FAE04EC0-301F-11D3-BF4B-00C04F79EFBC}") = "eTransport.Mobile", "eTransport.Mobile\eTransport.Mobile\eTransport.Mobile.csproj", "{2B29CF0D-D117-4354-BC0B-D1292BEE57AA}"
EndProject
Global
	GlobalSection(SolutionConfigurationPlatforms) = preSolution
		Debug|Any CPU = Debug|Any CPU
		Debug|ARM = Debug|ARM
		Debug|iPhone = Debug|iPhone
		Debug|iPhoneSimulator = Debug|iPhoneSimulator
		Debug|x64 = Debug|x64
		Debug|x86 = Debug|x86
		Release|Any CPU = Release|Any CPU
		Release|ARM = Release|ARM
		Release|iPhone = Release|iPhone
		Release|iPhoneSimulator = Release|iPhoneSimulator
		Release|x64 = Release|x64
		Release|x86 = Release|x86
	EndGlobalSection
	GlobalSection(ProjectConfigurationPlatforms) = postSolution
		{AF76106B-4F70-45CF-9BF3-795CE8A4F48E}.Debug|Any CPU.ActiveCfg = Debug|Any CPU
		{AF76106B-4F70-45CF-9BF3-795CE8A4F48E}.Debug|Any CPU.Build.0 = Debug|Any CPU
		{AF76106B-4F70-45CF-9BF3-795CE8A4F48E}.Debug|ARM.ActiveCfg = Debug|Any CPU
		{AF76106B-4F70-45CF-9BF3-795CE8A4F48E}.Debug|ARM.Build.0 = Debug|Any CPU
		{AF76106B-4F70-45CF-9BF3-795CE8A4F48E}.Debug|iPhone.ActiveCfg = Debug|Any CPU
		{AF76106B-4F70-45CF-9BF3-795CE8A4F48E}.Debug|iPhone.Build.0 = Debug|Any CPU
		{AF76106B-4F70-45CF-9BF3-795CE8A4F48E}.Debug|iPhoneSimulator.ActiveCfg = Debug|Any CPU
		{AF76106B-4F70-45CF-9BF3-795CE8A4F48E}.Debug|iPhoneSimulator.Build.0 = Debug|Any CPU
		{AF76106B-4F70-45CF-9BF3-795CE8A4F48E}.Debug|x64.ActiveCfg = Debug|Any CPU
		{AF76106B-4F70-45CF-9BF3-795CE8A4F48E}.Debug|x64.Build.0 = Debug|Any CPU
		{AF76106B-4F70-45CF-9BF3-795CE8A4F48E}.Debug|x86.ActiveCfg = Debug|Any CPU
		{AF76106B-4F70-45CF-9BF3-795CE8A4F48E}.Debug|x86.Build.0 = Debug|Any CPU
		{AF76106B-4F70-45CF-9BF3-795CE8A4F48E}.Release|Any CPU.ActiveCfg = Release|Any CPU
		{AF76106B-4F70-45CF-9BF3-795CE8A4F48E}.Release|Any CPU.Build.0 = Release|Any CPU
		{AF76106B-4F70-45CF-9BF3-795CE8A4F48E}.Release|ARM.ActiveCfg = Release|Any CPU
		{AF76106B-4F70-45CF-9BF3-795CE8A4F48E}.Release|ARM.Build.0 = Release|Any CPU
		{AF76106B-4F70-45CF-9BF3-795CE8A4F48E}.Release|iPhone.ActiveCfg = Release|Any CPU
		{AF76106B-4F70-45CF-9BF3-795CE8A4F48E}.Release|iPhone.Build.0 = Release|Any CPU
		{AF76106B-4F70-45CF-9BF3-795CE8A4F48E}.Release|iPhoneSimulator.ActiveCfg = Release|Any CPU
		{AF76106B-4F70-45CF-9BF3-795CE8A4F48E}.Release|iPhoneSimulator.Build.0 = Release|Any CPU
		{AF76106B-4F70-45CF-9BF3-795CE8A4F48E}.Release|x64.ActiveCfg = Release|Any CPU
		{AF76106B-4F70-45CF-9BF3-795CE8A4F48E}.Release|x64.Build.0 = Release|Any CPU
		{AF76106B-4F70-45CF-9BF3-795CE8A4F48E}.Release|x86.ActiveCfg = Release|Any CPU
		{AF76106B-4F70-45CF-9BF3-795CE8A4F48E}.Release|x86.Build.0 = Release|Any CPU
		{AF0696E1-30FC-4B4A-A912-9D413C946F06}.Debug|Any CPU.ActiveCfg = Debug|Any CPU
		{AF0696E1-30FC-4B4A-A912-9D413C946F06}.Debug|Any CPU.Build.0 = Debug|Any CPU
		{AF0696E1-30FC-4B4A-A912-9D413C946F06}.Debug|ARM.ActiveCfg = Debug|Any CPU
		{AF0696E1-30FC-4B4A-A912-9D413C946F06}.Debug|ARM.Build.0 = Debug|Any CPU
		{AF0696E1-30FC-4B4A-A912-9D413C946F06}.Debug|iPhone.ActiveCfg = Debug|Any CPU
		{AF0696E1-30FC-4B4A-A912-9D413C946F06}.Debug|iPhone.Build.0 = Debug|Any CPU
		{AF0696E1-30FC-4B4A-A912-9D413C946F06}.Debug|iPhoneSimulator.ActiveCfg = Debug|Any CPU
		{AF0696E1-30FC-4B4A-A912-9D413C946F06}.Debug|iPhoneSimulator.Build.0 = Debug|Any CPU
		{AF0696E1-30FC-4B4A-A912-9D413C946F06}.Debug|x64.ActiveCfg = Debug|Any CPU
		{AF0696E1-30FC-4B4A-A912-9D413C946F06}.Debug|x64.Build.0 = Debug|Any CPU
		{AF0696E1-30FC-4B4A-A912-9D413C946F06}.Debug|x86.ActiveCfg = Debug|Any CPU
		{AF0696E1-30FC-4B4A-A912-9D413C946F06}.Debug|x86.Build.0 = Debug|Any CPU
		{AF0696E1-30FC-4B4A-A912-9D413C946F06}.Release|Any CPU.ActiveCfg = Release|Any CPU
		{AF0696E1-30FC-4B4A-A912-9D413C946F06}.Release|Any CPU.Build.0 = Release|Any CPU
		{AF0696E1-30FC-4B4A-A912-9D413C946F06}.Release|ARM.ActiveCfg = Release|Any CPU
		{AF0696E1-30FC-4B4A-A912-9D413C946F06}.Release|ARM.Build.0 = Release|Any CPU
		{AF0696E1-30FC-4B4A-A912-9D413C946F06}.Release|iPhone.ActiveCfg = Release|Any CPU
		{AF0696E1-30FC-4B4A-A912-9D413C946F06}.Release|iPhone.Build.0 = Release|Any CPU
		{AF0696E1-30FC-4B4A-A912-9D413C946F06}.Release|iPhoneSimulator.ActiveCfg = Release|Any CPU
		{AF0696E1-30FC-4B4A-A912-9D413C946F06}.Release|iPhoneSimulator.Build.0 = Release|Any CPU
		{AF0696E1-30FC-4B4A-A912-9D413C946F06}.Release|x64.ActiveCfg = Release|Any CPU
		{AF0696E1-30FC-4B4A-A912-9D413C946F06}.Release|x64.Build.0 = Release|Any CPU
		{AF0696E1-30FC-4B4A-A912-9D413C946F06}.Release|x86.ActiveCfg = Release|Any CPU
		{AF0696E1-30FC-4B4A-A912-9D413C946F06}.Release|x86.Build.0 = Release|Any CPU
		{5625DCE0-6DBE-43EE-8EA8-DA4288DE0539}.Debug|Any CPU.ActiveCfg = Debug|Any CPU
		{5625DCE0-6DBE-43EE-8EA8-DA4288DE0539}.Debug|Any CPU.Build.0 = Debug|Any CPU
		{5625DCE0-6DBE-43EE-8EA8-DA4288DE0539}.Debug|ARM.ActiveCfg = Debug|Any CPU
		{5625DCE0-6DBE-43EE-8EA8-DA4288DE0539}.Debug|ARM.Build.0 = Debug|Any CPU
		{5625DCE0-6DBE-43EE-8EA8-DA4288DE0539}.Debug|iPhone.ActiveCfg = Debug|Any CPU
		{5625DCE0-6DBE-43EE-8EA8-DA4288DE0539}.Debug|iPhone.Build.0 = Debug|Any CPU
		{5625DCE0-6DBE-43EE-8EA8-DA4288DE0539}.Debug|iPhoneSimulator.ActiveCfg = Debug|Any CPU
		{5625DCE0-6DBE-43EE-8EA8-DA4288DE0539}.Debug|iPhoneSimulator.Build.0 = Debug|Any CPU
		{5625DCE0-6DBE-43EE-8EA8-DA4288DE0539}.Debug|x64.ActiveCfg = Debug|Any CPU
		{5625DCE0-6DBE-43EE-8EA8-DA4288DE0539}.Debug|x64.Build.0 = Debug|Any CPU
		{5625DCE0-6DBE-43EE-8EA8-DA4288DE0539}.Debug|x86.ActiveCfg = Debug|Any CPU
		{5625DCE0-6DBE-43EE-8EA8-DA4288DE0539}.Debug|x86.Build.0 = Debug|Any CPU
		{5625DCE0-6DBE-43EE-8EA8-DA4288DE0539}.Release|Any CPU.ActiveCfg = Release|Any CPU
		{5625DCE0-6DBE-43EE-8EA8-DA4288DE0539}.Release|Any CPU.Build.0 = Release|Any CPU
		{5625DCE0-6DBE-43EE-8EA8-DA4288DE0539}.Release|ARM.ActiveCfg = Release|Any CPU
		{5625DCE0-6DBE-43EE-8EA8-DA4288DE0539}.Release|ARM.Build.0 = Release|Any CPU
		{5625DCE0-6DBE-43EE-8EA8-DA4288DE0539}.Release|iPhone.ActiveCfg = Release|Any CPU
		{5625DCE0-6DBE-43EE-8EA8-DA4288DE0539}.Release|iPhone.Build.0 = Release|Any CPU
		{5625DCE0-6DBE-43EE-8EA8-DA4288DE0539}.Release|iPhoneSimulator.ActiveCfg = Release|Any CPU
		{5625DCE0-6DBE-43EE-8EA8-DA4288DE0539}.Release|iPhoneSimulator.Build.0 = Release|Any CPU
		{5625DCE0-6DBE-43EE-8EA8-DA4288DE0539}.Release|x64.ActiveCfg = Release|Any CPU
		{5625DCE0-6DBE-43EE-8EA8-DA4288DE0539}.Release|x64.Build.0 = Release|Any CPU
		{5625DCE0-6DBE-43EE-8EA8-DA4288DE0539}.Release|x86.ActiveCfg = Release|Any CPU
		{5625DCE0-6DBE-43EE-8EA8-DA4288DE0539}.Release|x86.Build.0 = Release|Any CPU
		{E281BF16-4AB0-4E10-83AE-A9A5D96C8A73}.Debug|Any CPU.ActiveCfg = Debug|x86
		{E281BF16-4AB0-4E10-83AE-A9A5D96C8A73}.Debug|ARM.ActiveCfg = Debug|ARM
		{E281BF16-4AB0-4E10-83AE-A9A5D96C8A73}.Debug|ARM.Build.0 = Debug|ARM
		{E281BF16-4AB0-4E10-83AE-A9A5D96C8A73}.Debug|ARM.Deploy.0 = Debug|ARM
		{E281BF16-4AB0-4E10-83AE-A9A5D96C8A73}.Debug|iPhone.ActiveCfg = Debug|x86
		{E281BF16-4AB0-4E10-83AE-A9A5D96C8A73}.Debug|iPhoneSimulator.ActiveCfg = Debug|x86
		{E281BF16-4AB0-4E10-83AE-A9A5D96C8A73}.Debug|x64.ActiveCfg = Debug|x64
		{E281BF16-4AB0-4E10-83AE-A9A5D96C8A73}.Debug|x64.Build.0 = Debug|x64
		{E281BF16-4AB0-4E10-83AE-A9A5D96C8A73}.Debug|x64.Deploy.0 = Debug|x64
		{E281BF16-4AB0-4E10-83AE-A9A5D96C8A73}.Debug|x86.ActiveCfg = Debug|x86
		{E281BF16-4AB0-4E10-83AE-A9A5D96C8A73}.Debug|x86.Build.0 = Debug|x86
		{E281BF16-4AB0-4E10-83AE-A9A5D96C8A73}.Debug|x86.Deploy.0 = Debug|x86
		{E281BF16-4AB0-4E10-83AE-A9A5D96C8A73}.Release|Any CPU.ActiveCfg = Release|x86
		{E281BF16-4AB0-4E10-83AE-A9A5D96C8A73}.Release|ARM.ActiveCfg = Release|ARM
		{E281BF16-4AB0-4E10-83AE-A9A5D96C8A73}.Release|ARM.Build.0 = Release|ARM
		{E281BF16-4AB0-4E10-83AE-A9A5D96C8A73}.Release|ARM.Deploy.0 = Release|ARM
		{E281BF16-4AB0-4E10-83AE-A9A5D96C8A73}.Release|iPhone.ActiveCfg = Release|x86
		{E281BF16-4AB0-4E10-83AE-A9A5D96C8A73}.Release|iPhoneSimulator.ActiveCfg = Release|x86
		{E281BF16-4AB0-4E10-83AE-A9A5D96C8A73}.Release|x64.ActiveCfg = Release|x64
		{E281BF16-4AB0-4E10-83AE-A9A5D96C8A73}.Release|x64.Build.0 = Release|x64
		{E281BF16-4AB0-4E10-83AE-A9A5D96C8A73}.Release|x64.Deploy.0 = Release|x64
		{E281BF16-4AB0-4E10-83AE-A9A5D96C8A73}.Release|x86.ActiveCfg = Release|x86
		{E281BF16-4AB0-4E10-83AE-A9A5D96C8A73}.Release|x86.Build.0 = Release|x86
		{E281BF16-4AB0-4E10-83AE-A9A5D96C8A73}.Release|x86.Deploy.0 = Release|x86
		{FF97E731-4F0E-4C12-AEB4-2232B27B8024}.Debug|Any CPU.ActiveCfg = Debug|Any CPU
		{FF97E731-4F0E-4C12-AEB4-2232B27B8024}.Debug|Any CPU.Build.0 = Debug|Any CPU
		{FF97E731-4F0E-4C12-AEB4-2232B27B8024}.Debug|Any CPU.Deploy.0 = Debug|Any CPU
		{FF97E731-4F0E-4C12-AEB4-2232B27B8024}.Debug|ARM.ActiveCfg = Debug|Any CPU
		{FF97E731-4F0E-4C12-AEB4-2232B27B8024}.Debug|ARM.Build.0 = Debug|Any CPU
		{FF97E731-4F0E-4C12-AEB4-2232B27B8024}.Debug|ARM.Deploy.0 = Debug|Any CPU
		{FF97E731-4F0E-4C12-AEB4-2232B27B8024}.Debug|iPhone.ActiveCfg = Debug|Any CPU
		{FF97E731-4F0E-4C12-AEB4-2232B27B8024}.Debug|iPhone.Build.0 = Debug|Any CPU
		{FF97E731-4F0E-4C12-AEB4-2232B27B8024}.Debug|iPhone.Deploy.0 = Debug|Any CPU
		{FF97E731-4F0E-4C12-AEB4-2232B27B8024}.Debug|iPhoneSimulator.ActiveCfg = Debug|Any CPU
		{FF97E731-4F0E-4C12-AEB4-2232B27B8024}.Debug|iPhoneSimulator.Build.0 = Debug|Any CPU
		{FF97E731-4F0E-4C12-AEB4-2232B27B8024}.Debug|iPhoneSimulator.Deploy.0 = Debug|Any CPU
		{FF97E731-4F0E-4C12-AEB4-2232B27B8024}.Debug|x64.ActiveCfg = Debug|Any CPU
		{FF97E731-4F0E-4C12-AEB4-2232B27B8024}.Debug|x64.Build.0 = Debug|Any CPU
		{FF97E731-4F0E-4C12-AEB4-2232B27B8024}.Debug|x64.Deploy.0 = Debug|Any CPU
		{FF97E731-4F0E-4C12-AEB4-2232B27B8024}.Debug|x86.ActiveCfg = Debug|Any CPU
		{FF97E731-4F0E-4C12-AEB4-2232B27B8024}.Debug|x86.Build.0 = Debug|Any CPU
		{FF97E731-4F0E-4C12-AEB4-2232B27B8024}.Debug|x86.Deploy.0 = Debug|Any CPU
		{FF97E731-4F0E-4C12-AEB4-2232B27B8024}.Release|Any CPU.ActiveCfg = Release|Any CPU
		{FF97E731-4F0E-4C12-AEB4-2232B27B8024}.Release|Any CPU.Build.0 = Release|Any CPU
		{FF97E731-4F0E-4C12-AEB4-2232B27B8024}.Release|Any CPU.Deploy.0 = Release|Any CPU
		{FF97E731-4F0E-4C12-AEB4-2232B27B8024}.Release|ARM.ActiveCfg = Release|Any CPU
		{FF97E731-4F0E-4C12-AEB4-2232B27B8024}.Release|ARM.Build.0 = Release|Any CPU
		{FF97E731-4F0E-4C12-AEB4-2232B27B8024}.Release|ARM.Deploy.0 = Release|Any CPU
		{FF97E731-4F0E-4C12-AEB4-2232B27B8024}.Release|iPhone.ActiveCfg = Release|Any CPU
		{FF97E731-4F0E-4C12-AEB4-2232B27B8024}.Release|iPhone.Build.0 = Release|Any CPU
		{FF97E731-4F0E-4C12-AEB4-2232B27B8024}.Release|iPhone.Deploy.0 = Release|Any CPU
		{FF97E731-4F0E-4C12-AEB4-2232B27B8024}.Release|iPhoneSimulator.ActiveCfg = Release|Any CPU
		{FF97E731-4F0E-4C12-AEB4-2232B27B8024}.Release|iPhoneSimulator.Build.0 = Release|Any CPU
		{FF97E731-4F0E-4C12-AEB4-2232B27B8024}.Release|iPhoneSimulator.Deploy.0 = Release|Any CPU
		{FF97E731-4F0E-4C12-AEB4-2232B27B8024}.Release|x64.ActiveCfg = Release|Any CPU
		{FF97E731-4F0E-4C12-AEB4-2232B27B8024}.Release|x64.Build.0 = Release|Any CPU
		{FF97E731-4F0E-4C12-AEB4-2232B27B8024}.Release|x64.Deploy.0 = Release|Any CPU
		{FF97E731-4F0E-4C12-AEB4-2232B27B8024}.Release|x86.ActiveCfg = Release|Any CPU
		{FF97E731-4F0E-4C12-AEB4-2232B27B8024}.Release|x86.Build.0 = Release|Any CPU
		{FF97E731-4F0E-4C12-AEB4-2232B27B8024}.Release|x86.Deploy.0 = Release|Any CPU
		{70282BFA-2C95-49B6-B172-13F18F187BD5}.Debug|Any CPU.ActiveCfg = Debug|iPhone
		{70282BFA-2C95-49B6-B172-13F18F187BD5}.Debug|ARM.ActiveCfg = Debug|iPhone
		{70282BFA-2C95-49B6-B172-13F18F187BD5}.Debug|iPhone.ActiveCfg = Debug|iPhone
		{70282BFA-2C95-49B6-B172-13F18F187BD5}.Debug|iPhone.Build.0 = Debug|iPhone
		{70282BFA-2C95-49B6-B172-13F18F187BD5}.Debug|iPhoneSimulator.ActiveCfg = Debug|iPhoneSimulator
		{70282BFA-2C95-49B6-B172-13F18F187BD5}.Debug|iPhoneSimulator.Build.0 = Debug|iPhoneSimulator
		{70282BFA-2C95-49B6-B172-13F18F187BD5}.Debug|x64.ActiveCfg = Debug|iPhone
		{70282BFA-2C95-49B6-B172-13F18F187BD5}.Debug|x86.ActiveCfg = Debug|iPhone
		{70282BFA-2C95-49B6-B172-13F18F187BD5}.Release|Any CPU.ActiveCfg = Release|iPhone
		{70282BFA-2C95-49B6-B172-13F18F187BD5}.Release|ARM.ActiveCfg = Release|iPhone
		{70282BFA-2C95-49B6-B172-13F18F187BD5}.Release|iPhone.ActiveCfg = Release|iPhone
		{70282BFA-2C95-49B6-B172-13F18F187BD5}.Release|iPhone.Build.0 = Release|iPhone
		{70282BFA-2C95-49B6-B172-13F18F187BD5}.Release|iPhoneSimulator.ActiveCfg = Release|iPhoneSimulator
		{70282BFA-2C95-49B6-B172-13F18F187BD5}.Release|iPhoneSimulator.Build.0 = Release|iPhoneSimulator
		{70282BFA-2C95-49B6-B172-13F18F187BD5}.Release|x64.ActiveCfg = Release|iPhone
		{70282BFA-2C95-49B6-B172-13F18F187BD5}.Release|x86.ActiveCfg = Release|iPhone
		{2B29CF0D-D117-4354-BC0B-D1292BEE57AA}.Debug|Any CPU.ActiveCfg = Debug|Any CPU
		{2B29CF0D-D117-4354-BC0B-D1292BEE57AA}.Debug|Any CPU.Build.0 = Debug|Any CPU
		{2B29CF0D-D117-4354-BC0B-D1292BEE57AA}.Debug|ARM.ActiveCfg = Debug|Any CPU
		{2B29CF0D-D117-4354-BC0B-D1292BEE57AA}.Debug|ARM.Build.0 = Debug|Any CPU
		{2B29CF0D-D117-4354-BC0B-D1292BEE57AA}.Debug|iPhone.ActiveCfg = Debug|Any CPU
		{2B29CF0D-D117-4354-BC0B-D1292BEE57AA}.Debug|iPhone.Build.0 = Debug|Any CPU
		{2B29CF0D-D117-4354-BC0B-D1292BEE57AA}.Debug|iPhoneSimulator.ActiveCfg = Debug|Any CPU
		{2B29CF0D-D117-4354-BC0B-D1292BEE57AA}.Debug|iPhoneSimulator.Build.0 = Debug|Any CPU
		{2B29CF0D-D117-4354-BC0B-D1292BEE57AA}.Debug|x64.ActiveCfg = Debug|Any CPU
		{2B29CF0D-D117-4354-BC0B-D1292BEE57AA}.Debug|x64.Build.0 = Debug|Any CPU
		{2B29CF0D-D117-4354-BC0B-D1292BEE57AA}.Debug|x86.ActiveCfg = Debug|Any CPU
		{2B29CF0D-D117-4354-BC0B-D1292BEE57AA}.Debug|x86.Build.0 = Debug|Any CPU
		{2B29CF0D-D117-4354-BC0B-D1292BEE57AA}.Release|Any CPU.ActiveCfg = Release|Any CPU
		{2B29CF0D-D117-4354-BC0B-D1292BEE57AA}.Release|Any CPU.Build.0 = Release|Any CPU
		{2B29CF0D-D117-4354-BC0B-D1292BEE57AA}.Release|ARM.ActiveCfg = Release|Any CPU
		{2B29CF0D-D117-4354-BC0B-D1292BEE57AA}.Release|ARM.Build.0 = Release|Any CPU
		{2B29CF0D-D117-4354-BC0B-D1292BEE57AA}.Release|iPhone.ActiveCfg = Release|Any CPU
		{2B29CF0D-D117-4354-BC0B-D1292BEE57AA}.Release|iPhone.Build.0 = Release|Any CPU
		{2B29CF0D-D117-4354-BC0B-D1292BEE57AA}.Release|iPhoneSimulator.ActiveCfg = Release|Any CPU
		{2B29CF0D-D117-4354-BC0B-D1292BEE57AA}.Release|iPhoneSimulator.Build.0 = Release|Any CPU
		{2B29CF0D-D117-4354-BC0B-D1292BEE57AA}.Release|x64.ActiveCfg = Release|Any CPU
		{2B29CF0D-D117-4354-BC0B-D1292BEE57AA}.Release|x64.Build.0 = Release|Any CPU
		{2B29CF0D-D117-4354-BC0B-D1292BEE57AA}.Release|x86.ActiveCfg = Release|Any CPU
		{2B29CF0D-D117-4354-BC0B-D1292BEE57AA}.Release|x86.Build.0 = Release|Any CPU
	EndGlobalSection
	GlobalSection(SolutionProperties) = preSolution
		HideSolutionNode = FALSE
	EndGlobalSection
	GlobalSection(NestedProjects) = preSolution
		{5625DCE0-6DBE-43EE-8EA8-DA4288DE0539} = {686E1126-5A9A-4E2B-B99D-A5EACD6E6067}
		{E281BF16-4AB0-4E10-83AE-A9A5D96C8A73} = {98DC20E4-9993-475F-8F62-23F1BB5B0FC1}
		{FF97E731-4F0E-4C12-AEB4-2232B27B8024} = {98DC20E4-9993-475F-8F62-23F1BB5B0FC1}
		{70282BFA-2C95-49B6-B172-13F18F187BD5} = {98DC20E4-9993-475F-8F62-23F1BB5B0FC1}
		{2B29CF0D-D117-4354-BC0B-D1292BEE57AA} = {98DC20E4-9993-475F-8F62-23F1BB5B0FC1}
	EndGlobalSection
	GlobalSection(ExtensibilityGlobals) = postSolution
		SolutionGuid = {5F7C6F4F-EA88-46C4-BC18-01CF64E9890B}
	EndGlobalSection
EndGlobal
